// !$*UTF8*$!
{
	archiveVersion = 1;
	classes = {
	};
	objectVersion = 46;
	objects = {

/* Begin PBXBuildFile section */
		6A86A5111AAF8070005804BC /* AppDelegate.swift in Sources */ = {isa = PBXBuildFile; fileRef = 6A86A5101AAF8070005804BC /* AppDelegate.swift */; };
		6A86A5131AAF8070005804BC /* ViewController.swift in Sources */ = {isa = PBXBuildFile; fileRef = 6A86A5121AAF8070005804BC /* ViewController.swift */; };
		6A86A5161AAF8070005804BC /* Main.storyboard in Resources */ = {isa = PBXBuildFile; fileRef = 6A86A5141AAF8070005804BC /* Main.storyboard */; };
		6A86A5181AAF8070005804BC /* Images.xcassets in Resources */ = {isa = PBXBuildFile; fileRef = 6A86A5171AAF8070005804BC /* Images.xcassets */; };
		6A86A51B1AAF8070005804BC /* LaunchScreen.xib in Resources */ = {isa = PBXBuildFile; fileRef = 6A86A5191AAF8070005804BC /* LaunchScreen.xib */; };
		6A86A5271AAF8070005804BC /* basicLifestyleTests.swift in Sources */ = {isa = PBXBuildFile; fileRef = 6A86A5261AAF8070005804BC /* basicLifestyleTests.swift */; };
/* End PBXBuildFile section */

/* Begin PBXContainerItemProxy section */
		6A86A5211AAF8070005804BC /* PBXContainerItemProxy */ = {
			isa = PBXContainerItemProxy;
			containerPortal = 6A86A5031AAF806F005804BC /* Project object */;
			proxyType = 1;
			remoteGlobalIDString = 6A86A50A1AAF806F005804BC;
			remoteInfo = basicLifestyle;
		};
/* End PBXContainerItemProxy section */

/* Begin PBXFileReference section */
		6A86A50B1AAF806F005804BC /* basicLifestyle.app */ = {isa = PBXFileReference; explicitFileType = wrapper.application; includeInIndex = 0; path = basicLifestyle.app; sourceTree = BUILT_PRODUCTS_DIR; };
		6A86A50F1AAF806F005804BC /* Info.plist */ = {isa = PBXFileReference; lastKnownFileType = text.plist.xml; path = Info.plist; sourceTree = "<group>"; };
		6A86A5101AAF8070005804BC /* AppDelegate.swift */ = {isa = PBXFileReference; lastKnownFileType = sourcecode.swift; path = AppDelegate.swift; sourceTree = "<group>"; };
		6A86A5121AAF8070005804BC /* ViewController.swift */ = {isa = PBXFileReference; lastKnownFileType = sourcecode.swift; path = ViewController.swift; sourceTree = "<group>"; };
		6A86A5151AAF8070005804BC /* Base */ = {isa = PBXFileReference; lastKnownFileType = file.storyboard; name = Base; path = Base.lproj/Main.storyboard; sourceTree = "<group>"; };
		6A86A5171AAF8070005804BC /* Images.xcassets */ = {isa = PBXFileReference; lastKnownFileType = folder.assetcatalog; path = Images.xcassets; sourceTree = "<group>"; };
		6A86A51A1AAF8070005804BC /* Base */ = {isa = PBXFileReference; lastKnownFileType = file.xib; name = Base; path = Base.lproj/LaunchScreen.xib; sourceTree = "<group>"; };
		6A86A5201AAF8070005804BC /* basicLifestyleTests.xctest */ = {isa = PBXFileReference; explicitFileType = wrapper.cfbundle; includeInIndex = 0; path = basicLifestyleTests.xctest; sourceTree = BUILT_PRODUCTS_DIR; };
		6A86A5251AAF8070005804BC /* Info.plist */ = {isa = PBXFileReference; lastKnownFileType = text.plist.xml; path = Info.plist; sourceTree = "<group>"; };
		6A86A5261AAF8070005804BC /* basicLifestyleTests.swift */ = {isa = PBXFileReference; lastKnownFileType = sourcecode.swift; path = basicLifestyleTests.swift; sourceTree = "<group>"; };
/* End PBXFileReference section */

/* Begin PBXFrameworksBuildPhase section */
		6A86A5081AAF806F005804BC /* Frameworks */ = {
			isa = PBXFrameworksBuildPhase;
			buildActionMask = 2147483647;
			files = (
			);
			runOnlyForDeploymentPostprocessing = 0;
		};
		6A86A51D1AAF8070005804BC /* Frameworks */ = {
			isa = PBXFrameworksBuildPhase;
			buildActionMask = 2147483647;
			files = (
			);
			runOnlyForDeploymentPostprocessing = 0;
		};
/* End PBXFrameworksBuildPhase section */

/* Begin PBXGroup section */
		6A86A5021AAF806F005804BC = {
			isa = PBXGroup;
			children = (
				6A86A50D1AAF806F005804BC /* basicLifestyle */,
				6A86A5231AAF8070005804BC /* basicLifestyleTests */,
				6A86A50C1AAF806F005804BC /* Products */,
			);
			sourceTree = "<group>";
		};
		6A86A50C1AAF806F005804BC /* Products */ = {
			isa = PBXGroup;
			children = (
				6A86A50B1AAF806F005804BC /* basicLifestyle.app */,
				6A86A5201AAF8070005804BC /* basicLifestyleTests.xctest */,
			);
			name = Products;
			sourceTree = "<group>";
		};
		6A86A50D1AAF806F005804BC /* basicLifestyle */ = {
			isa = PBXGroup;
			children = (
				6A86A5101AAF8070005804BC /* AppDelegate.swift */,
				6A86A5121AAF8070005804BC /* ViewController.swift */,
				6A86A5141AAF8070005804BC /* Main.storyboard */,
				6A86A5171AAF8070005804BC /* Images.xcassets */,
				6A86A5191AAF8070005804BC /* LaunchScreen.xib */,
				6A86A50E1AAF806F005804BC /* Supporting Files */,
			);
			path = basicLifestyle;
			sourceTree = "<group>";
		};
		6A86A50E1AAF806F005804BC /* Supporting Files */ = {
			isa = PBXGroup;
			children = (
				6A86A50F1AAF806F005804BC /* Info.plist */,
			);
			name = "Supporting Files";
			sourceTree = "<group>";
		};
		6A86A5231AAF8070005804BC /* basicLifestyleTests */ = {
			isa = PBXGroup;
			children = (
				6A86A5261AAF8070005804BC /* basicLifestyleTests.swift */,
				6A86A5241AAF8070005804BC /* Supporting Files */,
			);
			path = basicLifestyleTests;
			sourceTree = "<group>";
		};
		6A86A5241AAF8070005804BC /* Supporting Files */ = {
			isa = PBXGroup;
			children = (
				6A86A5251AAF8070005804BC /* Info.plist */,
			);
			name = "Supporting Files";
			sourceTree = "<group>";
		};
/* End PBXGroup section */

/* Begin PBXNativeTarget section */
		6A86A50A1AAF806F005804BC /* basicLifestyle */ = {
			isa = PBXNativeTarget;
			buildConfigurationList = 6A86A52A1AAF8070005804BC /* Build configuration list for PBXNativeTarget "basicLifestyle" */;
			buildPhases = (
				6A86A5071AAF806F005804BC /* Sources */,
				6A86A5081AAF806F005804BC /* Frameworks */,
				6A86A5091AAF806F005804BC /* Resources */,
			);
			buildRules = (
			);
			dependencies = (
			);
			name = basicLifestyle;
			productName = basicLifestyle;
			productReference = 6A86A50B1AAF806F005804BC /* basicLifestyle.app */;
			productType = "com.apple.product-type.application";
		};
		6A86A51F1AAF8070005804BC /* basicLifestyleTests */ = {
			isa = PBXNativeTarget;
			buildConfigurationList = 6A86A52D1AAF8070005804BC /* Build configuration list for PBXNativeTarget "basicLifestyleTests" */;
			buildPhases = (
				6A86A51C1AAF8070005804BC /* Sources */,
				6A86A51D1AAF8070005804BC /* Frameworks */,
				6A86A51E1AAF8070005804BC /* Resources */,
			);
			buildRules = (
			);
			dependencies = (
				6A86A5221AAF8070005804BC /* PBXTargetDependency */,
			);
			name = basicLifestyleTests;
			productName = basicLifestyleTests;
			productReference = 6A86A5201AAF8070005804BC /* basicLifestyleTests.xctest */;
			productType = "com.apple.product-type.bundle.unit-test";
		};
/* End PBXNativeTarget section */

/* Begin PBXProject section */
		6A86A5031AAF806F005804BC /* Project object */ = {
			isa = PBXProject;
			attributes = {
				LastUpgradeCheck = 0610;
				ORGANIZATIONNAME = "Ian Sikora";
				TargetAttributes = {
					6A86A50A1AAF806F005804BC = {
						CreatedOnToolsVersion = 6.1.1;
						SystemCapabilities = {
							com.apple.BackgroundModes = {
								enabled = 0;
							};
						};
					};
					6A86A51F1AAF8070005804BC = {
						CreatedOnToolsVersion = 6.1.1;
						TestTargetID = 6A86A50A1AAF806F005804BC;
					};
				};
			};
			buildConfigurationList = 6A86A5061AAF806F005804BC /* Build configuration list for PBXProject "basicLifestyle" */;
			compatibilityVersion = "Xcode 3.2";
			developmentRegion = English;
			hasScannedForEncodings = 0;
			knownRegions = (
				en,
				Base,
			);
			mainGroup = 6A86A5021AAF806F005804BC;
			productRefGroup = 6A86A50C1AAF806F005804BC /* Products */;
			projectDirPath = "";
			projectRoot = "";
			targets = (
				6A86A50A1AAF806F005804BC /* basicLifestyle */,
				6A86A51F1AAF8070005804BC /* basicLifestyleTests */,
			);
		};
/* End PBXProject section */

/* Begin PBXResourcesBuildPhase section */
		6A86A5091AAF806F005804BC /* Resources */ = {
			isa = PBXResourcesBuildPhase;
			buildActionMask = 2147483647;
			files = (
				6A86A5161AAF8070005804BC /* Main.storyboard in Resources */,
				6A86A51B1AAF8070005804BC /* LaunchScreen.xib in Resources */,
				6A86A5181AAF8070005804BC /* Images.xcassets in Resources */,
			);
			runOnlyForDeploymentPostprocessing = 0;
		};
		6A86A51E1AAF8070005804BC /* Resources */ = {
			isa = PBXResourcesBuildPhase;
			buildActionMask = 2147483647;
			files = (
			);
			runOnlyForDeploymentPostprocessing = 0;
		};
/* End PBXResourcesBuildPhase section */

/* Begin PBXSourcesBuildPhase section */
		6A86A5071AAF806F005804BC /* Sources */ = {
			isa = PBXSourcesBuildPhase;
			buildActionMask = 2147483647;
			files = (
				6A86A5131AAF8070005804BC /* ViewController.swift in Sources */,
				6A86A5111AAF8070005804BC /* AppDelegate.swift in Sources */,
			);
			runOnlyForDeploymentPostprocessing = 0;
		};
		6A86A51C1AAF8070005804BC /* Sources */ = {
			isa = PBXSourcesBuildPhase;
			buildActionMask = 2147483647;
			files = (
				6A86A5271AAF8070005804BC /* basicLifestyleTests.swift in Sources */,
			);
			runOnlyForDeploymentPostprocessing = 0;
		};
/* End PBXSourcesBuildPhase section */

/* Begin PBXTargetDependency section */
		6A86A5221AAF8070005804BC /* PBXTargetDependency */ = {
			isa = PBXTargetDependency;
			target = 6A86A50A1AAF806F005804BC /* basicLifestyle */;
			targetProxy = 6A86A5211AAF8070005804BC /* PBXContainerItemProxy */;
		};
/* End PBXTargetDependency section */

/* Begin PBXVariantGroup section */
		6A86A5141AAF8070005804BC /* Main.storyboard */ = {
			isa = PBXVariantGroup;
			children = (
				6A86A5151AAF8070005804BC /* Base */,
			);
			name = Main.storyboard;
			sourceTree = "<group>";
		};
		6A86A5191AAF8070005804BC /* LaunchScreen.xib */ = {
			isa = PBXVariantGroup;
			children = (
				6A86A51A1AAF8070005804BC /* Base */,
			);
			name = LaunchScreen.xib;
			sourceTree = "<group>";
		};
/* End PBXVariantGroup section */

/* Begin XCBuildConfiguration section */
		6A86A5281AAF8070005804BC /* Debug */ = {
			isa = XCBuildConfiguration;
			buildSettings = {
				ALWAYS_SEARCH_USER_PATHS = NO;
				CLANG_CXX_LANGUAGE_STANDARD = "gnu++0x";
				CLANG_CXX_LIBRARY = "libc++";
				CLANG_ENABLE_MODULES = YES;
				CLANG_ENABLE_OBJC_ARC = YES;
				CLANG_WARN_BOOL_CONVERSION = YES;
				CLANG_WARN_CONSTANT_CONVERSION = YES;
				CLANG_WARN_DIRECT_OBJC_ISA_USAGE = YES_ERROR;
				CLANG_WARN_EMPTY_BODY = YES;
				CLANG_WARN_ENUM_CONVERSION = YES;
				CLANG_WARN_INT_CONVERSION = YES;
				CLANG_WARN_OBJC_ROOT_CLASS = YES_ERROR;
				CLANG_WARN_UNREACHABLE_CODE = YES;
				CLANG_WARN__DUPLICATE_METHOD_MATCH = YES;
				"CODE_SIGN_IDENTITY[sdk=iphoneos*]" = "iPhone Developer";
				COPY_PHASE_STRIP = NO;
				ENABLE_STRICT_OBJC_MSGSEND = YES;
				GCC_C_LANGUAGE_STANDARD = gnu99;
				GCC_DYNAMIC_NO_PIC = NO;
				GCC_OPTIMIZATION_LEVEL = 0;
				GCC_PREPROCESSOR_DEFINITIONS = (
					"DEBUG=1",
					"$(inherited)",
				);
				GCC_SYMBOLS_PRIVATE_EXTERN = NO;
				GCC_WARN_64_TO_32_BIT_CONVERSION = YES;
				GCC_WARN_ABOUT_RETURN_TYPE = YES_ERROR;
				GCC_WARN_UNDECLARED_SELECTOR = YES;
				GCC_WARN_UNINITIALIZED_AUTOS = YES_AGGRESSIVE;
				GCC_WARN_UNUSED_FUNCTION = YES;
				GCC_WARN_UNUSED_VARIABLE = YES;
				IPHONEOS_DEPLOYMENT_TARGET = 8.1;
				MTL_ENABLE_DEBUG_INFO = YES;
				ONLY_ACTIVE_ARCH = YES;
				SDKROOT = iphoneos;
				SWIFT_OPTIMIZATION_LEVEL = "-Onone";
			};
			name = Debug;
		};
		6A86A5291AAF8070005804BC /* Release */ = {
			isa = XCBuildConfiguration;
			buildSettings = {
				ALWAYS_SEARCH_USER_PATHS = NO;
				CLANG_CXX_LANGUAGE_STANDARD = "gnu++0x";
				CLANG_CXX_LIBRARY = "libc++";
				CLANG_ENABLE_MODULES = YES;
				CLANG_ENABLE_OBJC_ARC = YES;
				CLANG_WARN_BOOL_CONVERSION = YES;
				CLANG_WARN_CONSTANT_CONVERSION = YES;
				CLANG_WARN_DIRECT_OBJC_ISA_USAGE = YES_ERROR;
				CLANG_WARN_EMPTY_BODY = YES;
				CLANG_WARN_ENUM_CONVERSION = YES;
				CLANG_WARN_INT_CONVERSION = YES;
				CLANG_WARN_OBJC_ROOT_CLASS = YES_ERROR;
				CLANG_WARN_UNREACHABLE_CODE = YES;
				CLANG_WARN__DUPLICATE_METHOD_MATCH = YES;
				"CODE_SIGN_IDENTITY[sdk=iphoneos*]" = "iPhone Developer";
				COPY_PHASE_STRIP = YES;
				ENABLE_NS_ASSERTIONS = NO;
				ENABLE_STRICT_OBJC_MSGSEND = YES;
				GCC_C_LANGUAGE_STANDARD = gnu99;
				GCC_WARN_64_TO_32_BIT_CONVERSION = YES;
				GCC_WARN_ABOUT_RETURN_TYPE = YES_ERROR;
				GCC_WARN_UNDECLARED_SELECTOR = YES;
				GCC_WARN_UNINITIALIZED_AUTOS = YES_AGGRESSIVE;
				GCC_WARN_UNUSED_FUNCTION = YES;
				GCC_WARN_UNUSED_VARIABLE = YES;
				IPHONEOS_DEPLOYMENT_TARGET = 8.1;
				MTL_ENABLE_DEBUG_INFO = NO;
				SDKROOT = iphoneos;
				VALIDATE_PRODUCT = YES;
			};
			name = Release;
		};
		6A86A52B1AAF8070005804BC /* Debug */ = {
			isa = XCBuildConfiguration;
			buildSettings = {
				ASSETCATALOG_COMPILER_APPICON_NAME = AppIcon;
				INFOPLIST_FILE = basicLifestyle/Info.plist;
				LD_RUNPATH_SEARCH_PATHS = "$(inherited) @executable_path/Frameworks";
				PRODUCT_NAME = "$(TARGET_NAME)";
			};
			name = Debug;
		};
		6A86A52C1AAF8070005804BC /* Release */ = {
			isa = XCBuildConfiguration;
			buildSettings = {
				ASSETCATALOG_COMPILER_APPICON_NAME = AppIcon;
				INFOPLIST_FILE = basicLifestyle/Info.plist;
				LD_RUNPATH_SEARCH_PATHS = "$(inherited) @executable_path/Frameworks";
				PRODUCT_NAME = "$(TARGET_NAME)";
			};
			name = Release;
		};
		6A86A52E1AAF8070005804BC /* Debug */ = {
			isa = XCBuildConfiguration;
			buildSettings = {
				BUNDLE_LOADER = "$(TEST_HOST)";
				FRAMEWORK_SEARCH_PATHS = (
					"$(SDKROOT)/Developer/Library/Frameworks",
					"$(inherited)",
				);
				GCC_PREPROCESSOR_DEFINITIONS = (
					"DEBUG=1",
					"$(inherited)",
				);
				INFOPLIST_FILE = basicLifestyleTests/Info.plist;
				LD_RUNPATH_SEARCH_PATHS = "$(inherited) @executable_path/Frameworks @loader_path/Frameworks";
				PRODUCT_NAME = "$(TARGET_NAME)";
				TEST_HOST = "$(BUILT_PRODUCTS_DIR)/basicLifestyle.app/basicLifestyle";
			};
			name = Debug;
		};
		6A86A52F1AAF8070005804BC /* Release */ = {
			isa = XCBuildConfiguration;
			buildSettings = {
				BUNDLE_LOADER = "$(TEST_HOST)";
				FRAMEWORK_SEARCH_PATHS = (
					"$(SDKROOT)/Developer/Library/Frameworks",
					"$(inherited)",
				);
				INFOPLIST_FILE = basicLifestyleTests/Info.plist;
				LD_RUNPATH_SEARCH_PATHS = "$(inherited) @executable_path/Frameworks @loader_path/Frameworks";
				PRODUCT_NAME = "$(TARGET_NAME)";
				TEST_HOST = "$(BUILT_PRODUCTS_DIR)/basicLifestyle.app/basicLifestyle";
			};
			name = Release;
		};
/* End XCBuildConfiguration section */

/* Begin XCConfigurationList section */
		6A86A5061AAF806F005804BC /* Build configuration list for PBXProject "basicLifestyle" */ = {
			isa = XCConfigurationList;
			buildConfigurations = (
				6A86A5281AAF8070005804BC /* Debug */,
				6A86A5291AAF8070005804BC /* Release */,
			);
			defaultConfigurationIsVisible = 0;
			defaultConfigurationName = Release;
		};
		6A86A52A1AAF8070005804BC /* Build configuration list for PBXNativeTarget "basicLifestyle" */ = {
			isa = XCConfigurationList;
			buildConfigurations = (
				6A86A52B1AAF8070005804BC /* Debug */,
				6A86A52C1AAF8070005804BC /* Release */,
			);
			defaultConfigurationIsVisible = 0;
			defaultConfigurationName = Release;
		};
		6A86A52D1AAF8070005804BC /* Build configuration list for PBXNativeTarget "basicLifestyleTests" */ = {
			isa = XCConfigurationList;
			buildConfigurations = (
				6A86A52E1AAF8070005804BC /* Debug */,
				6A86A52F1AAF8070005804BC /* Release */,
			);
			defaultConfigurationIsVisible = 0;
			defaultConfigurationName = Release;
		};
/* End XCConfigurationList section */
	};
	rootObject = 6A86A5031AAF806F005804BC /* Project object */;
}
